
Microsoft Visual Studio Solution File, Format Version 12.00
# Visual Studio Version 17
VisualStudioVersion = 17.2.32505.173
MinimumVisualStudioVersion = 10.0.40219.1
Project("{FAE04EC0-301F-11D3-BF4B-00C04F79EFBC}") = "HaarForm", "HaarForm\HaarForm.csproj", "{91EDB9A6-4CAB-4483-BA7A-6529E4F4A72C}"
EndProject
Global
	GlobalSection(SolutionConfigurationPlatforms) = preSolution
		Debug|Any CPU = Debug|Any CPU
		Release|Any CPU = Release|Any CPU
	EndGlobalSection
	GlobalSection(ProjectConfigurationPlatforms) = postSolution
		{91EDB9A6-4CAB-4483-BA7A-6529E4F4A72C}.Debug|Any CPU.ActiveCfg = Debug|Any CPU
		{91EDB9A6-4CAB-4483-BA7A-6529E4F4A72C}.Debug|Any CPU.Build.0 = Debug|Any CPU
		{91EDB9A6-4CAB-4483-BA7A-6529E4F4A72C}.Release|Any CPU.ActiveCfg = Release|Any CPU
		{91EDB9A6-4CAB-4483-BA7A-6529E4F4A72C}.Release|Any CPU.Build.0 = Release|Any CPU
	EndGlobalSection
	GlobalSection(SolutionProperties) = preSolution
		HideSolutionNode = FALSE
	EndGlobalSection
	GlobalSection(ExtensibilityGlobals) = postSolution
		SolutionGuid = {AF19D350-01EE-49C2-BF1A-A937D79A2644}
	EndGlobalSection
EndGlobal
